# This file is automatically @generated by Cargo.
# It is not intended for manual editing.
version = 4

[[package]]
name = "quantydb"
version = "0.4.0"
dependencies = [
 "quantydb-core",
 "quantydb-derive",
 "quantydb-exec",
 "quantydb-ql",
]

[[package]]
name = "quantydb-auth"
version = "0.4.0"
dependencies = [
 "quantydb-core",
 "quantydb-sys",
]

[[package]]
name = "quantydb-bench"
version = "0.4.0"
dependencies = [
 "quantydb-core",
 "quantydb-exec",
 "quantydb-proto",
]

[[package]]
name = "quantydb-cli"
version = "0.4.0"
dependencies = [
 "quantydb-auth",
 "quantydb-core",
 "quantydb-exec",
 "quantydb-import",
 "quantydb-proto",
 "quantydb-ql",
 "quantydb-server",
 "quantydb-service",
 "quantydb-sqlite",
 "quantydb-sys",
]

[[package]]
name = "quantydb-core"
version = "0.4.0"
dependencies = [
 "quantydb-sys",
]

[[package]]
name = "quantydb-derive"
version = "0.4.0"

[[package]]
name = "quantydb-exec"
version = "0.4.0"
dependencies = [
 "quantydb-core",
 "quantydb-ql",
]

[[package]]
name = "quantydb-import"
version = "0.4.0"
dependencies = [
 "quantydb-core",
 "quantydb-exec",
 "quantydb-ql",
 "quantydb-sqlite",
]

[[package]]
name = "quantydb-proto"
version = "0.4.0"
dependencies = [
 "quantydb-core",
]

[[package]]
name = "quantydb-ql"
version = "0.4.0"
dependencies = [
 "quantydb-core",
]

[[package]]
name = "quantydb-server"
version = "0.4.0"
dependencies = [
 "quantydb-proto",
 "quantydb-sys",
]

[[package]]
name = "quantydb-service"
version = "0.4.0"
dependencies = [
 "quantydb-auth",
 "quantydb-core",
 "quantydb-exec",
 "quantydb-proto",
 "quantydb-ql",
 "quantydb-server",
]

[[package]]
name = "quantydb-sqlite"
version = "0.4.0"

[[package]]
name = "quantydb-sys"
version = "0.4.0"
