# This file is automatically @generated by Cargo.
# It is not intended for manual editing.
version = 3

[[package]]
name = "quanty-bench"
version = "0.2.0"

[[package]]
name = "quanty-cli"
version = "0.2.0"
dependencies = [
 "quanty-core",
 "quanty-exec",
 "quanty-import",
 "quanty-sqlite",
]

[[package]]
name = "quanty-core"
version = "0.2.0"

[[package]]
name = "quanty-exec"
version = "0.2.0"
dependencies = [
 "quanty-core",
 "quanty-ql",
]

[[package]]
name = "quanty-import"
version = "0.2.0"
dependencies = [
 "quanty-core",
 "quanty-exec",
 "quanty-ql",
 "quanty-sqlite",
]

[[package]]
name = "quanty-proto"
version = "0.2.0"
dependencies = [
 "quanty-core",
]

[[package]]
name = "quanty-ql"
version = "0.2.0"
dependencies = [
 "quanty-core",
]

[[package]]
name = "quanty-server"
version = "0.2.0"
dependencies = [
 "quanty-proto",
]

[[package]]
name = "quanty-sqlite"
version = "0.2.0"
